
Microsoft Visual Studio Solution File, Format Version 12.00
# Visual Studio Version 17
VisualStudioVersion = 17.11.35312.102
MinimumVisualStudioVersion = 10.0.40219.1
Project("{8BC9CEB8-8B4A-11D0-8D11-00A0C91BC942}") = "hw2.2", "hw2.2\hw2.2.vcxproj", "{38211ACA-B1CA-4585-AC83-09E1F4FD0256}"
EndProject
Global
	GlobalSection(SolutionConfigurationPlatforms) = preSolution
		Debug|x64 = Debug|x64
		Debug|x86 = Debug|x86
		Release|x64 = Release|x64
		Release|x86 = Release|x86
	EndGlobalSection
	GlobalSection(ProjectConfigurationPlatforms) = postSolution
		{38211ACA-B1CA-4585-AC83-09E1F4FD0256}.Debug|x64.ActiveCfg = Debug|x64
		{38211ACA-B1CA-4585-AC83-09E1F4FD0256}.Debug|x64.Build.0 = Debug|x64
		{38211ACA-B1CA-4585-AC83-09E1F4FD0256}.Debug|x86.ActiveCfg = Debug|Win32
		{38211ACA-B1CA-4585-AC83-09E1F4FD0256}.Debug|x86.Build.0 = Debug|Win32
		{38211ACA-B1CA-4585-AC83-09E1F4FD0256}.Release|x64.ActiveCfg = Release|x64
		{38211ACA-B1CA-4585-AC83-09E1F4FD0256}.Release|x64.Build.0 = Release|x64
		{38211ACA-B1CA-4585-AC83-09E1F4FD0256}.Release|x86.ActiveCfg = Release|Win32
		{38211ACA-B1CA-4585-AC83-09E1F4FD0256}.Release|x86.Build.0 = Release|Win32
	EndGlobalSection
	GlobalSection(SolutionProperties) = preSolution
		HideSolutionNode = FALSE
	EndGlobalSection
	GlobalSection(ExtensibilityGlobals) = postSolution
		SolutionGuid = {9CEB5B9F-0F02-4BF5-B375-F54B063C22DE}
	EndGlobalSection
EndGlobal
